<?xml version="1.0" encoding="utf-8"?>
<Project ToolsVersion="4.0" xmlns="http://schemas.microsoft.com/developer/msbuild/2003">
  <ItemGroup>
    <Filter Include="Source Files">
      <UniqueIdentifier>{4FC737F1-C7A5-4376-A066-2A32D752A2FF}</UniqueIdentifier>
      <Extensions>cpp;c;cc;cxx;def;odl;idl;hpj;bat;asm;asmx</Extensions>
    </Filter>
    <Filter Include="Header Files">
      <UniqueIdentifier>{93995380-89BD-4b04-88EB-625FBE52EBFB}</UniqueIdentifier>
      <Extensions>h;hpp;hxx;hm;inl;inc;xsd</Extensions>
    </Filter>
    <Filter Include="Resource Files">
      <UniqueIdentifier>{67DA6AB6-F800-4c08-8B7A-83BB121AAD01}</UniqueIdentifier>
      <Extensions>rc;ico;cur;bmp;dlg;rc2;rct;bin;rgs;gif;jpg;jpeg;jpe;resx;tiff;tif;png;wav;mfcribbon-ms</Extensions>
    </Filter>
    <Filter Include="fluids">
      <UniqueIdentifier>{cd252fae-d5d9-4345-bc8e-16ecb5713549}</UniqueIdentifier>
    </Filter>
    <Filter Include="common">
      <UniqueIdentifier>{fc4b7337-a9b1-4995-a941-476945a57497}</UniqueIdentifier>
    </Filter>
  </ItemGroup>
  <ItemGroup>
    <ClInclude Include="..\common\point_set.h">
      <Filter>common</Filter>
    </ClInclude>
    <ClInclude Include="..\common\common_defs.h">
      <Filter>common</Filter>
    </ClInclude>
    <ClInclude Include="..\common\geomx.h">
      <Filter>common</Filter>
    </ClInclude>
    <ClInclude Include="..\common\gl_helper.h">
      <Filter>common</Filter>
    </ClInclude>
    <ClInclude Include="..\common\matrix.h">
      <Filter>common</Filter>
    </ClInclude>
    <ClInclude Include="..\common\matrix-inline.h">
      <Filter>common</Filter>
    </ClInclude>
    <ClInclude Include="..\common\mdebug.h">
      <Filter>common</Filter>
    </ClInclude>
    <ClInclude Include="..\common\mtime.h">
      <Filter>common</Filter>
    </ClInclude>
    <ClInclude Include="..\common\vector.h">
      <Filter>common</Filter>
    </ClInclude>
    <ClInclude Include="..\common\vector-inline.h">
      <Filter>common</Filter>
    </ClInclude>
    <ClInclude Include="..\cutil_math.h">
      <Filter>Source Files</Filter>
    </ClInclude>
    <ClInclude Include="..\fluid.h">
      <Filter>Source Files</Filter>
    </ClInclude>
    <ClInclude Include="..\SPH_sim.h">
      <Filter>Source Files</Filter>
    </ClInclude>
    <ClInclude Include="..\table.h">
      <Filter>Source Files</Filter>
    </ClInclude>
  </ItemGroup>
  <ItemGroup>
    <ClCompile Include="..\common\point_set.cpp">
      <Filter>common</Filter>
    </ClCompile>
    <ClCompile Include="..\common\geomx.cpp">
      <Filter>common</Filter>
    </ClCompile>
    <ClCompile Include="..\common\gl_helper.cpp">
      <Filter>common</Filter>
    </ClCompile>
    <ClCompile Include="..\common\matrix.cpp">
      <Filter>common</Filter>
    </ClCompile>
    <ClCompile Include="..\common\mdebug.cpp">
      <Filter>common</Filter>
    </ClCompile>
    <ClCompile Include="..\common\mtime.cpp">
      <Filter>common</Filter>
    </ClCompile>
    <ClCompile Include="..\common\vector.cpp">
      <Filter>common</Filter>
    </ClCompile>
    <ClCompile Include="..\main.cpp">
      <Filter>Source Files</Filter>
    </ClCompile>
    <ClCompile Include="..\fluid.cpp">
      <Filter>Source Files</Filter>
    </ClCompile>
    <ClCompile Include="..\SPH_sim.cpp">
      <Filter>Source Files</Filter>
    </ClCompile>
  </ItemGroup>
  <ItemGroup>
    <None Include="..\common\matrix.cci">
      <Filter>common</Filter>
    </None>
    <None Include="..\common\vector.cci">
      <Filter>common</Filter>
    </None>
    <None Include="..\fluid_system_host.cuh">
      <Filter>Source Files</Filter>
    </None>
    <None Include="..\fluid_system_kern.cuh">
      <Filter>Source Files</Filter>
    </None>
  </ItemGroup>
  <ItemGroup>
    <CudaCompile Include="..\fluid_system_host.cu">
      <Filter>Source Files</Filter>
    </CudaCompile>
  </ItemGroup>
  <ItemGroup>
    <CustomBuild Include="..\fluid_system_kern.cu">
      <Filter>Source Files</Filter>
    </CustomBuild>
  </ItemGroup>
</Project>